
Microsoft Visual Studio Solution File, Format Version 12.00
# Visual Studio Version 17
VisualStudioVersion = 17.11.35219.272
MinimumVisualStudioVersion = 10.0.40219.1
Project("{FAE04EC0-301F-11D3-BF4B-00C04F79EFBC}") = "Hafta5-Kapanıs", "Hafta5-Kapanıs\Hafta5-Kapanıs.csproj", "{CD9EA49D-E22D-48C9-B64F-7C4C5217E083}"
EndProject
Global
	GlobalSection(SolutionConfigurationPlatforms) = preSolution
		Debug|Any CPU = Debug|Any CPU
		Release|Any CPU = Release|Any CPU
	EndGlobalSection
	GlobalSection(ProjectConfigurationPlatforms) = postSolution
		{CD9EA49D-E22D-48C9-B64F-7C4C5217E083}.Debug|Any CPU.ActiveCfg = Debug|Any CPU
		{CD9EA49D-E22D-48C9-B64F-7C4C5217E083}.Debug|Any CPU.Build.0 = Debug|Any CPU
		{CD9EA49D-E22D-48C9-B64F-7C4C5217E083}.Release|Any CPU.ActiveCfg = Release|Any CPU
		{CD9EA49D-E22D-48C9-B64F-7C4C5217E083}.Release|Any CPU.Build.0 = Release|Any CPU
	EndGlobalSection
	GlobalSection(SolutionProperties) = preSolution
		HideSolutionNode = FALSE
	EndGlobalSection
	GlobalSection(ExtensibilityGlobals) = postSolution
		SolutionGuid = {7EC5321A-681F-44BA-8434-25755FC2A345}
	EndGlobalSection
EndGlobal
